
Microsoft Visual Studio Solution File, Format Version 12.00
# Visual Studio Version 16
VisualStudioVersion = 16.0.30804.86
MinimumVisualStudioVersion = 10.0.40219.1
Project("{9A19103F-16F7-4668-BE54-9A1E7A4F7556}") = "Hyked.Web", "Hyked.Web\Hyked.Web.csproj", "{9BFC9566-60DE-44F5-ADC2-1DE6F7BD78B1}"
EndProject
Project("{2150E333-8FDC-42A3-9474-1A3956D46DE8}") = "Web", "Web", "{E8013852-BD7A-4EE9-B8D9-777A5944E981}"
EndProject
Project("{9A19103F-16F7-4668-BE54-9A1E7A4F7556}") = "Hyked.Rest", "Hyked.Rest\Hyked.Rest.csproj", "{163DCD94-6974-4A8C-95B1-C0CEA7F253AC}"
EndProject
Project("{2150E333-8FDC-42A3-9474-1A3956D46DE8}") = "Services", "Services", "{45677D60-A067-48FF-8035-32DDF00A82B5}"
EndProject
Project("{2150E333-8FDC-42A3-9474-1A3956D46DE8}") = "Common", "Common", "{C9DB1647-2824-4EAF-B4E0-338F31903195}"
EndProject
Project("{FAE04EC0-301F-11D3-BF4B-00C04F79EFBC}") = "Hyked.Models", "Hyked.Models\Hyked.Models.csproj", "{6C2D54C7-F227-4E5F-841F-BB6D0507B133}"
EndProject
Global
	GlobalSection(SolutionConfigurationPlatforms) = preSolution
		Debug|Any CPU = Debug|Any CPU
		Release|Any CPU = Release|Any CPU
	EndGlobalSection
	GlobalSection(ProjectConfigurationPlatforms) = postSolution
		{9BFC9566-60DE-44F5-ADC2-1DE6F7BD78B1}.Debug|Any CPU.ActiveCfg = Debug|Any CPU
		{9BFC9566-60DE-44F5-ADC2-1DE6F7BD78B1}.Debug|Any CPU.Build.0 = Debug|Any CPU
		{9BFC9566-60DE-44F5-ADC2-1DE6F7BD78B1}.Release|Any CPU.ActiveCfg = Release|Any CPU
		{9BFC9566-60DE-44F5-ADC2-1DE6F7BD78B1}.Release|Any CPU.Build.0 = Release|Any CPU
		{163DCD94-6974-4A8C-95B1-C0CEA7F253AC}.Debug|Any CPU.ActiveCfg = Debug|Any CPU
		{163DCD94-6974-4A8C-95B1-C0CEA7F253AC}.Debug|Any CPU.Build.0 = Debug|Any CPU
		{163DCD94-6974-4A8C-95B1-C0CEA7F253AC}.Release|Any CPU.ActiveCfg = Release|Any CPU
		{163DCD94-6974-4A8C-95B1-C0CEA7F253AC}.Release|Any CPU.Build.0 = Release|Any CPU
		{6C2D54C7-F227-4E5F-841F-BB6D0507B133}.Debug|Any CPU.ActiveCfg = Debug|Any CPU
		{6C2D54C7-F227-4E5F-841F-BB6D0507B133}.Debug|Any CPU.Build.0 = Debug|Any CPU
		{6C2D54C7-F227-4E5F-841F-BB6D0507B133}.Release|Any CPU.ActiveCfg = Release|Any CPU
		{6C2D54C7-F227-4E5F-841F-BB6D0507B133}.Release|Any CPU.Build.0 = Release|Any CPU
	EndGlobalSection
	GlobalSection(SolutionProperties) = preSolution
		HideSolutionNode = FALSE
	EndGlobalSection
	GlobalSection(NestedProjects) = preSolution
		{9BFC9566-60DE-44F5-ADC2-1DE6F7BD78B1} = {E8013852-BD7A-4EE9-B8D9-777A5944E981}
		{163DCD94-6974-4A8C-95B1-C0CEA7F253AC} = {E8013852-BD7A-4EE9-B8D9-777A5944E981}
		{6C2D54C7-F227-4E5F-841F-BB6D0507B133} = {C9DB1647-2824-4EAF-B4E0-338F31903195}
	EndGlobalSection
	GlobalSection(ExtensibilityGlobals) = postSolution
		SolutionGuid = {4636A6CC-0714-4DFF-955B-87DEC8F8EE8A}
	EndGlobalSection
EndGlobal
